
Microsoft Visual Studio Solution File, Format Version 12.00
# Visual Studio Version 16
VisualStudioVersion = 16.0.31129.286
MinimumVisualStudioVersion = 10.0.40219.1
Project("{FAE04EC0-301F-11D3-BF4B-00C04F79EFBC}") = "ChickenDetection", "ChickenDetection.csproj", "{7083284D-2205-432E-9873-33C40946792B}"
EndProject
Project("{9A19103F-16F7-4668-BE54-9A1E7A4F7556}") = "ChickenDetectionML.Model", "..\ChickenDetectionML.Model\ChickenDetectionML.Model.csproj", "{D750A7AD-2351-4726-AF9D-610EFD8A7543}"
EndProject
Project("{9A19103F-16F7-4668-BE54-9A1E7A4F7556}") = "ChickenDetectionML.ConsoleApp", "..\ChickenDetectionML.ConsoleApp\ChickenDetectionML.ConsoleApp.csproj", "{DF441004-8751-4D76-8028-CEFDDBC8EDCD}"
EndProject
Global
	GlobalSection(SolutionConfigurationPlatforms) = preSolution
		Debug|Any CPU = Debug|Any CPU
		Release|Any CPU = Release|Any CPU
	EndGlobalSection
	GlobalSection(ProjectConfigurationPlatforms) = postSolution
		{7083284D-2205-432E-9873-33C40946792B}.Debug|Any CPU.ActiveCfg = Debug|Any CPU
		{7083284D-2205-432E-9873-33C40946792B}.Debug|Any CPU.Build.0 = Debug|Any CPU
		{7083284D-2205-432E-9873-33C40946792B}.Release|Any CPU.ActiveCfg = Release|Any CPU
		{7083284D-2205-432E-9873-33C40946792B}.Release|Any CPU.Build.0 = Release|Any CPU
		{D750A7AD-2351-4726-AF9D-610EFD8A7543}.Debug|Any CPU.ActiveCfg = Debug|Any CPU
		{D750A7AD-2351-4726-AF9D-610EFD8A7543}.Debug|Any CPU.Build.0 = Debug|Any CPU
		{D750A7AD-2351-4726-AF9D-610EFD8A7543}.Release|Any CPU.ActiveCfg = Release|Any CPU
		{D750A7AD-2351-4726-AF9D-610EFD8A7543}.Release|Any CPU.Build.0 = Release|Any CPU
		{DF441004-8751-4D76-8028-CEFDDBC8EDCD}.Debug|Any CPU.ActiveCfg = Debug|Any CPU
		{DF441004-8751-4D76-8028-CEFDDBC8EDCD}.Debug|Any CPU.Build.0 = Debug|Any CPU
		{DF441004-8751-4D76-8028-CEFDDBC8EDCD}.Release|Any CPU.ActiveCfg = Release|Any CPU
		{DF441004-8751-4D76-8028-CEFDDBC8EDCD}.Release|Any CPU.Build.0 = Release|Any CPU
	EndGlobalSection
	GlobalSection(SolutionProperties) = preSolution
		HideSolutionNode = FALSE
	EndGlobalSection
	GlobalSection(ExtensibilityGlobals) = postSolution
		SolutionGuid = {3A19B5E2-AEA1-4B57-B1D0-3733E96EC818}
	EndGlobalSection
EndGlobal
